
Microsoft Visual Studio Solution File, Format Version 12.00
# Visual Studio Version 17
VisualStudioVersion = 17.5.33516.290
MinimumVisualStudioVersion = 10.0.40219.1
Project("{FAE04EC0-301F-11D3-BF4B-00C04F79EFBC}") = "IOMSYS", "IOMSYS.csproj", "{F8190C23-FD4D-4588-8868-965B4A77FEE0}"
EndProject
Global
	GlobalSection(SolutionConfigurationPlatforms) = preSolution
		Debug|Any CPU = Debug|Any CPU
		Release|Any CPU = Release|Any CPU
	EndGlobalSection
	GlobalSection(ProjectConfigurationPlatforms) = postSolution
		{F8190C23-FD4D-4588-8868-965B4A77FEE0}.Debug|Any CPU.ActiveCfg = Debug|Any CPU
		{F8190C23-FD4D-4588-8868-965B4A77FEE0}.Debug|Any CPU.Build.0 = Debug|Any CPU
		{F8190C23-FD4D-4588-8868-965B4A77FEE0}.Release|Any CPU.ActiveCfg = Release|Any CPU
		{F8190C23-FD4D-4588-8868-965B4A77FEE0}.Release|Any CPU.Build.0 = Release|Any CPU
	EndGlobalSection
	GlobalSection(SolutionProperties) = preSolution
		HideSolutionNode = FALSE
	EndGlobalSection
	GlobalSection(ExtensibilityGlobals) = postSolution
		SolutionGuid = {A6CA750F-67FA-4E71-A284-160EE0662C96}
	EndGlobalSection
EndGlobal
